
Microsoft Visual Studio Solution File, Format Version 11.00
# Visual Studio 2010
Project("{FAE04EC0-301F-11D3-BF4B-00C04F79EFBC}") = "M80A2Console", "M80A2Console\M80A2Console.csproj", "{81CD8872-3F30-4609-80BF-333E701B3218}"
EndProject
Global
	GlobalSection(SolutionConfigurationPlatforms) = preSolution
		Debug|x86 = Debug|x86
		Release|x86 = Release|x86
	EndGlobalSection
	GlobalSection(ProjectConfigurationPlatforms) = postSolution
		{81CD8872-3F30-4609-80BF-333E701B3218}.Debug|x86.ActiveCfg = Debug|x86
		{81CD8872-3F30-4609-80BF-333E701B3218}.Debug|x86.Build.0 = Debug|x86
		{81CD8872-3F30-4609-80BF-333E701B3218}.Release|x86.ActiveCfg = Release|x86
		{81CD8872-3F30-4609-80BF-333E701B3218}.Release|x86.Build.0 = Release|x86
	EndGlobalSection
	GlobalSection(SolutionProperties) = preSolution
		HideSolutionNode = FALSE
	EndGlobalSection
EndGlobal
